
Microsoft Visual Studio Solution File, Format Version 12.00
# Visual Studio 14
VisualStudioVersion = 14.0.23107.0
MinimumVisualStudioVersion = 10.0.40219.1
Project("{FAE04EC0-301F-11D3-BF4B-00C04F79EFBC}") = "ScudExporter", "ScudExporter\ScudExporter.csproj", "{452A799D-54DA-4930-96D2-B14EE8363AA2}"
EndProject
Project("{FAE04EC0-301F-11D3-BF4B-00C04F79EFBC}") = "ScudExporterConsole", "ScudExporterConsole\ScudExporterConsole.csproj", "{D50F3596-9512-466E-97AE-C5CF60900824}"
EndProject
Global
	GlobalSection(SolutionConfigurationPlatforms) = preSolution
		Debug|Any CPU = Debug|Any CPU
		Release|Any CPU = Release|Any CPU
	EndGlobalSection
	GlobalSection(ProjectConfigurationPlatforms) = postSolution
		{452A799D-54DA-4930-96D2-B14EE8363AA2}.Debug|Any CPU.ActiveCfg = Debug|Any CPU
		{452A799D-54DA-4930-96D2-B14EE8363AA2}.Debug|Any CPU.Build.0 = Debug|Any CPU
		{452A799D-54DA-4930-96D2-B14EE8363AA2}.Release|Any CPU.ActiveCfg = Release|Any CPU
		{452A799D-54DA-4930-96D2-B14EE8363AA2}.Release|Any CPU.Build.0 = Release|Any CPU
		{D50F3596-9512-466E-97AE-C5CF60900824}.Debug|Any CPU.ActiveCfg = Debug|Any CPU
		{D50F3596-9512-466E-97AE-C5CF60900824}.Debug|Any CPU.Build.0 = Debug|Any CPU
		{D50F3596-9512-466E-97AE-C5CF60900824}.Release|Any CPU.ActiveCfg = Release|Any CPU
		{D50F3596-9512-466E-97AE-C5CF60900824}.Release|Any CPU.Build.0 = Release|Any CPU
	EndGlobalSection
	GlobalSection(SolutionProperties) = preSolution
		HideSolutionNode = FALSE
	EndGlobalSection
EndGlobal
